
Microsoft Visual Studio Solution File, Format Version 12.00
# Visual Studio Version 16
VisualStudioVersion = 16.0.30907.101
MinimumVisualStudioVersion = 10.0.40219.1
Project("{FAE04EC0-301F-11D3-BF4B-00C04F79EFBC}") = "web1", "WebApplication3\web1.csproj", "{88DC4406-A21E-40A5-8D56-531E9F5A68EE}"
EndProject
Global
	GlobalSection(SolutionConfigurationPlatforms) = preSolution
		Debug|Any CPU = Debug|Any CPU
		Release|Any CPU = Release|Any CPU
	EndGlobalSection
	GlobalSection(ProjectConfigurationPlatforms) = postSolution
		{88DC4406-A21E-40A5-8D56-531E9F5A68EE}.Debug|Any CPU.ActiveCfg = Debug|Any CPU
		{88DC4406-A21E-40A5-8D56-531E9F5A68EE}.Debug|Any CPU.Build.0 = Debug|Any CPU
		{88DC4406-A21E-40A5-8D56-531E9F5A68EE}.Release|Any CPU.ActiveCfg = Release|Any CPU
		{88DC4406-A21E-40A5-8D56-531E9F5A68EE}.Release|Any CPU.Build.0 = Release|Any CPU
	EndGlobalSection
	GlobalSection(SolutionProperties) = preSolution
		HideSolutionNode = FALSE
	EndGlobalSection
	GlobalSection(ExtensibilityGlobals) = postSolution
		SolutionGuid = {870D3823-6DF1-459D-8C4F-566CEEDA5624}
	EndGlobalSection
EndGlobal
